
Microsoft Visual Studio Solution File, Format Version 12.00
Project("{FAE04EC0-301F-11D3-BF4B-00C04F79EFBC}") = "Julien_chedid_tp3s", "Julien_chedid_tp3s\Julien_chedid_tp3s.csproj", "{D7B67CC2-4013-4139-8E68-2F695F18B892}"
EndProject
Global
	GlobalSection(SolutionConfigurationPlatforms) = preSolution
		Debug|Any CPU = Debug|Any CPU
		Release|Any CPU = Release|Any CPU
	EndGlobalSection
	GlobalSection(ProjectConfigurationPlatforms) = postSolution
		{D7B67CC2-4013-4139-8E68-2F695F18B892}.Debug|Any CPU.ActiveCfg = Debug|Any CPU
		{D7B67CC2-4013-4139-8E68-2F695F18B892}.Debug|Any CPU.Build.0 = Debug|Any CPU
		{D7B67CC2-4013-4139-8E68-2F695F18B892}.Release|Any CPU.ActiveCfg = Release|Any CPU
		{D7B67CC2-4013-4139-8E68-2F695F18B892}.Release|Any CPU.Build.0 = Release|Any CPU
	EndGlobalSection
EndGlobal
